// !$*UTF8*$!
{
	archiveVersion = 1;
	classes = {
	};
	objectVersion = 46;
	objects = {

/* Begin PBXBuildFile section */
		58F6046C1EB249ED00E81A55 /* AppDelegate.swift in Sources */ = {isa = PBXBuildFile; fileRef = 58F6046B1EB249ED00E81A55 /* AppDelegate.swift */; };
		58F6046E1EB249ED00E81A55 /* ViewController.swift in Sources */ = {isa = PBXBuildFile; fileRef = 58F6046D1EB249ED00E81A55 /* ViewController.swift */; };
		58F604711EB249ED00E81A55 /* Main.storyboard in Resources */ = {isa = PBXBuildFile; fileRef = 58F6046F1EB249ED00E81A55 /* Main.storyboard */; };
		58F604731EB249ED00E81A55 /* Assets.xcassets in Resources */ = {isa = PBXBuildFile; fileRef = 58F604721EB249ED00E81A55 /* Assets.xcassets */; };
		58F604761EB249ED00E81A55 /* LaunchScreen.storyboard in Resources */ = {isa = PBXBuildFile; fileRef = 58F604741EB249ED00E81A55 /* LaunchScreen.storyboard */; };
		58F6047E1EB24B4C00E81A55 /* RangeSlider.swift in Sources */ = {isa = PBXBuildFile; fileRef = 58F6047D1EB24B4C00E81A55 /* RangeSlider.swift */; };
/* End PBXBuildFile section */

/* Begin PBXFileReference section */
		58F604681EB249ED00E81A55 /* RangeSliderExample.app */ = {isa = PBXFileReference; explicitFileType = wrapper.application; includeInIndex = 0; path = RangeSliderExample.app; sourceTree = BUILT_PRODUCTS_DIR; };
		58F6046B1EB249ED00E81A55 /* AppDelegate.swift */ = {isa = PBXFileReference; lastKnownFileType = sourcecode.swift; path = AppDelegate.swift; sourceTree = "<group>"; };
		58F6046D1EB249ED00E81A55 /* ViewController.swift */ = {isa = PBXFileReference; lastKnownFileType = sourcecode.swift; path = ViewController.swift; sourceTree = "<group>"; };
		58F604701EB249ED00E81A55 /* Base */ = {isa = PBXFileReference; lastKnownFileType = file.storyboard; name = Base; path = Base.lproj/Main.storyboard; sourceTree = "<group>"; };
		58F604721EB249ED00E81A55 /* Assets.xcassets */ = {isa = PBXFileReference; lastKnownFileType = folder.assetcatalog; path = Assets.xcassets; sourceTree = "<group>"; };
		58F604751EB249ED00E81A55 /* Base */ = {isa = PBXFileReference; lastKnownFileType = file.storyboard; name = Base; path = Base.lproj/LaunchScreen.storyboard; sourceTree = "<group>"; };
		58F604771EB249ED00E81A55 /* Info.plist */ = {isa = PBXFileReference; lastKnownFileType = text.plist.xml; path = Info.plist; sourceTree = "<group>"; };
		58F6047D1EB24B4C00E81A55 /* RangeSlider.swift */ = {isa = PBXFileReference; fileEncoding = 4; lastKnownFileType = sourcecode.swift; path = RangeSlider.swift; sourceTree = "<group>"; };
/* End PBXFileReference section */

/* Begin PBXFrameworksBuildPhase section */
		58F604651EB249ED00E81A55 /* Frameworks */ = {
			isa = PBXFrameworksBuildPhase;
			buildActionMask = 2147483647;
			files = (
			);
			runOnlyForDeploymentPostprocessing = 0;
		};
/* End PBXFrameworksBuildPhase section */

/* Begin PBXGroup section */
		58F6045F1EB249ED00E81A55 = {
			isa = PBXGroup;
			children = (
				58F6046A1EB249ED00E81A55 /* RangeSliderExample */,
				58F604691EB249ED00E81A55 /* Products */,
			);
			sourceTree = "<group>";
		};
		58F604691EB249ED00E81A55 /* Products */ = {
			isa = PBXGroup;
			children = (
				58F604681EB249ED00E81A55 /* RangeSliderExample.app */,
			);
			name = Products;
			sourceTree = "<group>";
		};
		58F6046A1EB249ED00E81A55 /* RangeSliderExample */ = {
			isa = PBXGroup;
			children = (
				58F6046B1EB249ED00E81A55 /* AppDelegate.swift */,
				58F6046D1EB249ED00E81A55 /* ViewController.swift */,
				58F6047D1EB24B4C00E81A55 /* RangeSlider.swift */,
				58F6046F1EB249ED00E81A55 /* Main.storyboard */,
				58F604721EB249ED00E81A55 /* Assets.xcassets */,
				58F604741EB249ED00E81A55 /* LaunchScreen.storyboard */,
				58F604771EB249ED00E81A55 /* Info.plist */,
			);
			path = RangeSliderExample;
			sourceTree = "<group>";
		};
/* End PBXGroup section */

/* Begin PBXNativeTarget section */
		58F604671EB249ED00E81A55 /* RangeSliderExample */ = {
			isa = PBXNativeTarget;
			buildConfigurationList = 58F6047A1EB249ED00E81A55 /* Build configuration list for PBXNativeTarget "RangeSliderExample" */;
			buildPhases = (
				58F604641EB249ED00E81A55 /* Sources */,
				58F604651EB249ED00E81A55 /* Frameworks */,
				58F604661EB249ED00E81A55 /* Resources */,
			);
			buildRules = (
			);
			dependencies = (
			);
			name = RangeSliderExample;
			productName = RangeSliderExample;
			productReference = 58F604681EB249ED00E81A55 /* RangeSliderExample.app */;
			productType = "com.apple.product-type.application";
		};
/* End PBXNativeTarget section */

/* Begin PBXProject section */
		58F604601EB249ED00E81A55 /* Project object */ = {
			isa = PBXProject;
			attributes = {
				LastSwiftUpdateCheck = 0820;
				LastUpgradeCheck = 0820;
				ORGANIZATIONNAME = ShannonChen;
				TargetAttributes = {
					58F604671EB249ED00E81A55 = {
						CreatedOnToolsVersion = 8.2.1;
						DevelopmentTeam = L32PN8QKLZ;
						ProvisioningStyle = Automatic;
					};
				};
			};
			buildConfigurationList = 58F604631EB249ED00E81A55 /* Build configuration list for PBXProject "RangeSliderExample" */;
			compatibilityVersion = "Xcode 3.2";
			developmentRegion = English;
			hasScannedForEncodings = 0;
			knownRegions = (
				en,
				Base,
			);
			mainGroup = 58F6045F1EB249ED00E81A55;
			productRefGroup = 58F604691EB249ED00E81A55 /* Products */;
			projectDirPath = "";
			projectRoot = "";
			targets = (
				58F604671EB249ED00E81A55 /* RangeSliderExample */,
			);
		};
/* End PBXProject section */

/* Begin PBXResourcesBuildPhase section */
		58F604661EB249ED00E81A55 /* Resources */ = {
			isa = PBXResourcesBuildPhase;
			buildActionMask = 2147483647;
			files = (
				58F604761EB249ED00E81A55 /* LaunchScreen.storyboard in Resources */,
				58F604731EB249ED00E81A55 /* Assets.xcassets in Resources */,
				58F604711EB249ED00E81A55 /* Main.storyboard in Resources */,
			);
			runOnlyForDeploymentPostprocessing = 0;
		};
/* End PBXResourcesBuildPhase section */

/* Begin PBXSourcesBuildPhase section */
		58F604641EB249ED00E81A55 /* Sources */ = {
			isa = PBXSourcesBuildPhase;
			buildActionMask = 2147483647;
			files = (
				58F6046E1EB249ED00E81A55 /* ViewController.swift in Sources */,
				58F6047E1EB24B4C00E81A55 /* RangeSlider.swift in Sources */,
				58F6046C1EB249ED00E81A55 /* AppDelegate.swift in Sources */,
			);
			runOnlyForDeploymentPostprocessing = 0;
		};
/* End PBXSourcesBuildPhase section */

/* Begin PBXVariantGroup section */
		58F6046F1EB249ED00E81A55 /* Main.storyboard */ = {
			isa = PBXVariantGroup;
			children = (
				58F604701EB249ED00E81A55 /* Base */,
			);
			name = Main.storyboard;
			sourceTree = "<group>";
		};
		58F604741EB249ED00E81A55 /* LaunchScreen.storyboard */ = {
			isa = PBXVariantGroup;
			children = (
				58F604751EB249ED00E81A55 /* Base */,
			);
			name = LaunchScreen.storyboard;
			sourceTree = "<group>";
		};
/* End PBXVariantGroup section */

/* Begin XCBuildConfiguration section */
		58F604781EB249ED00E81A55 /* Debug */ = {
			isa = XCBuildConfiguration;
			buildSettings = {
				ALWAYS_SEARCH_USER_PATHS = NO;
				CLANG_ANALYZER_NONNULL = YES;
				CLANG_CXX_LANGUAGE_STANDARD = "gnu++0x";
				CLANG_CXX_LIBRARY = "libc++";
				CLANG_ENABLE_MODULES = YES;
				CLANG_ENABLE_OBJC_ARC = YES;
				CLANG_WARN_BOOL_CONVERSION = YES;
				CLANG_WARN_CONSTANT_CONVERSION = YES;
				CLANG_WARN_DIRECT_OBJC_ISA_USAGE = YES_ERROR;
				CLANG_WARN_DOCUMENTATION_COMMENTS = YES;
				CLANG_WARN_EMPTY_BODY = YES;
				CLANG_WARN_ENUM_CONVERSION = YES;
				CLANG_WARN_INFINITE_RECURSION = YES;
				CLANG_WARN_INT_CONVERSION = YES;
				CLANG_WARN_OBJC_ROOT_CLASS = YES_ERROR;
				CLANG_WARN_SUSPICIOUS_MOVE = YES;
				CLANG_WARN_UNREACHABLE_CODE = YES;
				CLANG_WARN__DUPLICATE_METHOD_MATCH = YES;
				"CODE_SIGN_IDENTITY[sdk=iphoneos*]" = "iPhone Developer";
				COPY_PHASE_STRIP = NO;
				DEBUG_INFORMATION_FORMAT = dwarf;
				ENABLE_STRICT_OBJC_MSGSEND = YES;
				ENABLE_TESTABILITY = YES;
				GCC_C_LANGUAGE_STANDARD = gnu99;
				GCC_DYNAMIC_NO_PIC = NO;
				GCC_NO_COMMON_BLOCKS = YES;
				GCC_OPTIMIZATION_LEVEL = 0;
				GCC_PREPROCESSOR_DEFINITIONS = (
					"DEBUG=1",
					"$(inherited)",
				);
				GCC_WARN_64_TO_32_BIT_CONVERSION = YES;
				GCC_WARN_ABOUT_RETURN_TYPE = YES_ERROR;
				GCC_WARN_UNDECLARED_SELECTOR = YES;
				GCC_WARN_UNINITIALIZED_AUTOS = YES_AGGRESSIVE;
				GCC_WARN_UNUSED_FUNCTION = YES;
				GCC_WARN_UNUSED_VARIABLE = YES;
				IPHONEOS_DEPLOYMENT_TARGET = 10.2;
				MTL_ENABLE_DEBUG_INFO = YES;
				ONLY_ACTIVE_ARCH = YES;
				SDKROOT = iphoneos;
				SWIFT_ACTIVE_COMPILATION_CONDITIONS = DEBUG;
				SWIFT_OPTIMIZATION_LEVEL = "-Onone";
			};
			name = Debug;
		};
		58F604791EB249ED00E81A55 /* Release */ = {
			isa = XCBuildConfiguration;
			buildSettings = {
				ALWAYS_SEARCH_USER_PATHS = NO;
				CLANG_ANALYZER_NONNULL = YES;
				CLANG_CXX_LANGUAGE_STANDARD = "gnu++0x";
				CLANG_CXX_LIBRARY = "libc++";
				CLANG_ENABLE_MODULES = YES;
				CLANG_ENABLE_OBJC_ARC = YES;
				CLANG_WARN_BOOL_CONVERSION = YES;
				CLANG_WARN_CONSTANT_CONVERSION = YES;
				CLANG_WARN_DIRECT_OBJC_ISA_USAGE = YES_ERROR;
				CLANG_WARN_DOCUMENTATION_COMMENTS = YES;
				CLANG_WARN_EMPTY_BODY = YES;
				CLANG_WARN_ENUM_CONVERSION = YES;
				CLANG_WARN_INFINITE_RECURSION = YES;
				CLANG_WARN_INT_CONVERSION = YES;
				CLANG_WARN_OBJC_ROOT_CLASS = YES_ERROR;
				CLANG_WARN_SUSPICIOUS_MOVE = YES;
				CLANG_WARN_UNREACHABLE_CODE = YES;
				CLANG_WARN__DUPLICATE_METHOD_MATCH = YES;
				"CODE_SIGN_IDENTITY[sdk=iphoneos*]" = "iPhone Developer";
				COPY_PHASE_STRIP = NO;
				DEBUG_INFORMATION_FORMAT = "dwarf-with-dsym";
				ENABLE_NS_ASSERTIONS = NO;
				ENABLE_STRICT_OBJC_MSGSEND = YES;
				GCC_C_LANGUAGE_STANDARD = gnu99;
				GCC_NO_COMMON_BLOCKS = YES;
				GCC_WARN_64_TO_32_BIT_CONVERSION = YES;
				GCC_WARN_ABOUT_RETURN_TYPE = YES_ERROR;
				GCC_WARN_UNDECLARED_SELECTOR = YES;
				GCC_WARN_UNINITIALIZED_AUTOS = YES_AGGRESSIVE;
				GCC_WARN_UNUSED_FUNCTION = YES;
				GCC_WARN_UNUSED_VARIABLE = YES;
				IPHONEOS_DEPLOYMENT_TARGET = 10.2;
				MTL_ENABLE_DEBUG_INFO = NO;
				SDKROOT = iphoneos;
				SWIFT_OPTIMIZATION_LEVEL = "-Owholemodule";
				VALIDATE_PRODUCT = YES;
			};
			name = Release;
		};
		58F6047B1EB249ED00E81A55 /* Debug */ = {
			isa = XCBuildConfiguration;
			buildSettings = {
				ASSETCATALOG_COMPILER_APPICON_NAME = AppIcon;
				DEVELOPMENT_TEAM = L32PN8QKLZ;
				INFOPLIST_FILE = RangeSliderExample/Info.plist;
				IPHONEOS_DEPLOYMENT_TARGET = 8.1;
				LD_RUNPATH_SEARCH_PATHS = "$(inherited) @executable_path/Frameworks";
				PRODUCT_BUNDLE_IDENTIFIER = com.ShannonChen.RangeSliderExample;
				PRODUCT_NAME = "$(TARGET_NAME)";
				SWIFT_VERSION = 3.0;
			};
			name = Debug;
		};
		58F6047C1EB249ED00E81A55 /* Release */ = {
			isa = XCBuildConfiguration;
			buildSettings = {
				ASSETCATALOG_COMPILER_APPICON_NAME = AppIcon;
				DEVELOPMENT_TEAM = L32PN8QKLZ;
				INFOPLIST_FILE = RangeSliderExample/Info.plist;
				IPHONEOS_DEPLOYMENT_TARGET = 8.1;
				LD_RUNPATH_SEARCH_PATHS = "$(inherited) @executable_path/Frameworks";
				PRODUCT_BUNDLE_IDENTIFIER = com.ShannonChen.RangeSliderExample;
				PRODUCT_NAME = "$(TARGET_NAME)";
				SWIFT_VERSION = 3.0;
			};
			name = Release;
		};
/* End XCBuildConfiguration section */

/* Begin XCConfigurationList section */
		58F604631EB249ED00E81A55 /* Build configuration list for PBXProject "RangeSliderExample" */ = {
			isa = XCConfigurationList;
			buildConfigurations = (
				58F604781EB249ED00E81A55 /* Debug */,
				58F604791EB249ED00E81A55 /* Release */,
			);
			defaultConfigurationIsVisible = 0;
			defaultConfigurationName = Release;
		};
		58F6047A1EB249ED00E81A55 /* Build configuration list for PBXNativeTarget "RangeSliderExample" */ = {
			isa = XCConfigurationList;
			buildConfigurations = (
				58F6047B1EB249ED00E81A55 /* Debug */,
				58F6047C1EB249ED00E81A55 /* Release */,
			);
			defaultConfigurationIsVisible = 0;
		};
/* End XCConfigurationList section */
	};
	rootObject = 58F604601EB249ED00E81A55 /* Project object */;
}
