// !$*UTF8*$!
{
	archiveVersion = 1;
	classes = {
	};
	objectVersion = 50;
	objects = {

/* Begin PBXBuildFile section */
		58EC17BC242CFABE00299CAE /* SwiftLibA.swift in Sources */ = {isa = PBXBuildFile; fileRef = 58EC17BB242CFABE00299CAE /* SwiftLibA.swift */; };
/* End PBXBuildFile section */

/* Begin PBXCopyFilesBuildPhase section */
		58EC17B6242CFABE00299CAE /* CopyFiles */ = {
			isa = PBXCopyFilesBuildPhase;
			buildActionMask = 2147483647;
			dstPath = "include/$(PRODUCT_NAME)";
			dstSubfolderSpec = 16;
			files = (
			);
			runOnlyForDeploymentPostprocessing = 0;
		};
/* End PBXCopyFilesBuildPhase section */

/* Begin PBXFileReference section */
		58EA528C242F9A0300929CDC /* SwiftLibA-Swift.h */ = {isa = PBXFileReference; lastKnownFileType = sourcecode.c.h; path = "SwiftLibA-Swift.h"; sourceTree = "<group>"; };
		58EC17B8242CFABE00299CAE /* libSwiftLibA.a */ = {isa = PBXFileReference; explicitFileType = archive.ar; includeInIndex = 0; path = libSwiftLibA.a; sourceTree = BUILT_PRODUCTS_DIR; };
		58EC17BB242CFABE00299CAE /* SwiftLibA.swift */ = {isa = PBXFileReference; lastKnownFileType = sourcecode.swift; path = SwiftLibA.swift; sourceTree = "<group>"; };
/* End PBXFileReference section */

/* Begin PBXFrameworksBuildPhase section */
		58EC17B5242CFABE00299CAE /* Frameworks */ = {
			isa = PBXFrameworksBuildPhase;
			buildActionMask = 2147483647;
			files = (
			);
			runOnlyForDeploymentPostprocessing = 0;
		};
/* End PBXFrameworksBuildPhase section */

/* Begin PBXGroup section */
		58EC17AF242CFABE00299CAE = {
			isa = PBXGroup;
			children = (
				58EA528C242F9A0300929CDC /* SwiftLibA-Swift.h */,
				58EC17BA242CFABE00299CAE /* SwiftLibA */,
				58EC17B9242CFABE00299CAE /* Products */,
			);
			sourceTree = "<group>";
		};
		58EC17B9242CFABE00299CAE /* Products */ = {
			isa = PBXGroup;
			children = (
				58EC17B8242CFABE00299CAE /* libSwiftLibA.a */,
			);
			name = Products;
			sourceTree = "<group>";
		};
		58EC17BA242CFABE00299CAE /* SwiftLibA */ = {
			isa = PBXGroup;
			children = (
				58EC17BB242CFABE00299CAE /* SwiftLibA.swift */,
			);
			path = SwiftLibA;
			sourceTree = "<group>";
		};
/* End PBXGroup section */

/* Begin PBXNativeTarget section */
		58EC17B7242CFABE00299CAE /* SwiftLibA */ = {
			isa = PBXNativeTarget;
			buildConfigurationList = 58EC17BF242CFABE00299CAE /* Build configuration list for PBXNativeTarget "SwiftLibA" */;
			buildPhases = (
				58EC17B4242CFABE00299CAE /* Sources */,
				58EC17B5242CFABE00299CAE /* Frameworks */,
				58EC17B6242CFABE00299CAE /* CopyFiles */,
				58EC1815242EF93500299CAE /* ShellScript */,
			);
			buildRules = (
			);
			dependencies = (
			);
			name = SwiftLibA;
			productName = SwiftLibA;
			productReference = 58EC17B8242CFABE00299CAE /* libSwiftLibA.a */;
			productType = "com.apple.product-type.library.static";
		};
/* End PBXNativeTarget section */

/* Begin PBXProject section */
		58EC17B0242CFABE00299CAE /* Project object */ = {
			isa = PBXProject;
			attributes = {
				LastSwiftUpdateCheck = 1100;
				LastUpgradeCheck = 1100;
				ORGANIZATIONNAME = ShannonChen;
				TargetAttributes = {
					58EC17B7242CFABE00299CAE = {
						CreatedOnToolsVersion = 11.0;
					};
				};
			};
			buildConfigurationList = 58EC17B3242CFABE00299CAE /* Build configuration list for PBXProject "SwiftLibA" */;
			compatibilityVersion = "Xcode 9.3";
			developmentRegion = en;
			hasScannedForEncodings = 0;
			knownRegions = (
				en,
				Base,
			);
			mainGroup = 58EC17AF242CFABE00299CAE;
			productRefGroup = 58EC17B9242CFABE00299CAE /* Products */;
			projectDirPath = "";
			projectRoot = "";
			targets = (
				58EC17B7242CFABE00299CAE /* SwiftLibA */,
			);
		};
/* End PBXProject section */

/* Begin PBXShellScriptBuildPhase section */
		58EC1815242EF93500299CAE /* ShellScript */ = {
			isa = PBXShellScriptBuildPhase;
			buildActionMask = 2147483647;
			files = (
			);
			inputFileListPaths = (
			);
			inputPaths = (
			);
			outputFileListPaths = (
			);
			outputPaths = (
			);
			runOnlyForDeploymentPostprocessing = 0;
			shellPath = /bin/sh;
			shellScript = "\n\ngenerated_header_file=${DERIVED_SOURCES_DIR}/*-Swift.h\ninclude_dir=${BUILT_PRODUCTS_DIR}/include/${PRODUCT_MODULE_NAME}/\n\n# 将编译器生成的 xxx-Swift 头文件拷贝到 build 目录下的 include 目录中\nmkdir -p ${include_dir}\ncp ${generated_header_file} ${include_dir}\n\n# 去掉 xxx-Swift.h 文件头部注释中的编译器的版本号\nsed -i \"\" \"s/^\\/\\/ Generated by Apple.*$/\\/\\/ Generated by Apple/g\" ${generated_header_file}\n\n# 拷贝 xxx-Swift.h 文件到工程源码目录 \nheader_file_in_proj=${SRCROOT}/${PROJECT}-Swift.h\nneeds_copy=true\nif [ -f \"$header_file_in_proj\" ]; then\n    echo \"${header_file_in_proj} 已存在\"\n    \n    new_content=$(cat ${generated_header_file})\n    old_content=$(cat ${header_file_in_proj})\n    if [ \"$new_content\" = \"$old_content\" ];then\n        echo \"文件内容一致，无需再Copy：\"\n        echo \"${generated_header_file} \"\n        echo \"${header_file_in_proj} \"\n\n        needs_copy=false\n    fi\nfi\n\nif [ \"$needs_copy\" = true ] ; then\n    \n    echo \"文件内容不一致，需要Copy：\"\n    echo \"复制文件： \"\n    echo \"${generated_header_file} \"\n    echo \"${header_file_in_proj} \"\n\n    cp ${generated_header_file} ${header_file_in_proj}\nfi\n\n";
		};
/* End PBXShellScriptBuildPhase section */

/* Begin PBXSourcesBuildPhase section */
		58EC17B4242CFABE00299CAE /* Sources */ = {
			isa = PBXSourcesBuildPhase;
			buildActionMask = 2147483647;
			files = (
				58EC17BC242CFABE00299CAE /* SwiftLibA.swift in Sources */,
			);
			runOnlyForDeploymentPostprocessing = 0;
		};
/* End PBXSourcesBuildPhase section */

/* Begin XCBuildConfiguration section */
		58EC17BD242CFABE00299CAE /* Debug */ = {
			isa = XCBuildConfiguration;
			buildSettings = {
				ALWAYS_SEARCH_USER_PATHS = NO;
				CLANG_ANALYZER_NONNULL = YES;
				CLANG_ANALYZER_NUMBER_OBJECT_CONVERSION = YES_AGGRESSIVE;
				CLANG_CXX_LANGUAGE_STANDARD = "gnu++14";
				CLANG_CXX_LIBRARY = "libc++";
				CLANG_ENABLE_MODULES = YES;
				CLANG_ENABLE_OBJC_ARC = YES;
				CLANG_ENABLE_OBJC_WEAK = YES;
				CLANG_WARN_BLOCK_CAPTURE_AUTORELEASING = YES;
				CLANG_WARN_BOOL_CONVERSION = YES;
				CLANG_WARN_COMMA = YES;
				CLANG_WARN_CONSTANT_CONVERSION = YES;
				CLANG_WARN_DEPRECATED_OBJC_IMPLEMENTATIONS = YES;
				CLANG_WARN_DIRECT_OBJC_ISA_USAGE = YES_ERROR;
				CLANG_WARN_DOCUMENTATION_COMMENTS = YES;
				CLANG_WARN_EMPTY_BODY = YES;
				CLANG_WARN_ENUM_CONVERSION = YES;
				CLANG_WARN_INFINITE_RECURSION = YES;
				CLANG_WARN_INT_CONVERSION = YES;
				CLANG_WARN_NON_LITERAL_NULL_CONVERSION = YES;
				CLANG_WARN_OBJC_IMPLICIT_RETAIN_SELF = YES;
				CLANG_WARN_OBJC_LITERAL_CONVERSION = YES;
				CLANG_WARN_OBJC_ROOT_CLASS = YES_ERROR;
				CLANG_WARN_RANGE_LOOP_ANALYSIS = YES;
				CLANG_WARN_STRICT_PROTOTYPES = YES;
				CLANG_WARN_SUSPICIOUS_MOVE = YES;
				CLANG_WARN_UNGUARDED_AVAILABILITY = YES_AGGRESSIVE;
				CLANG_WARN_UNREACHABLE_CODE = YES;
				CLANG_WARN__DUPLICATE_METHOD_MATCH = YES;
				COPY_PHASE_STRIP = NO;
				DEBUG_INFORMATION_FORMAT = dwarf;
				ENABLE_STRICT_OBJC_MSGSEND = YES;
				ENABLE_TESTABILITY = YES;
				GCC_C_LANGUAGE_STANDARD = gnu11;
				GCC_DYNAMIC_NO_PIC = NO;
				GCC_NO_COMMON_BLOCKS = YES;
				GCC_OPTIMIZATION_LEVEL = 0;
				GCC_PREPROCESSOR_DEFINITIONS = (
					"DEBUG=1",
					"$(inherited)",
				);
				GCC_WARN_64_TO_32_BIT_CONVERSION = YES;
				GCC_WARN_ABOUT_RETURN_TYPE = YES_ERROR;
				GCC_WARN_UNDECLARED_SELECTOR = YES;
				GCC_WARN_UNINITIALIZED_AUTOS = YES_AGGRESSIVE;
				GCC_WARN_UNUSED_FUNCTION = YES;
				GCC_WARN_UNUSED_VARIABLE = YES;
				IPHONEOS_DEPLOYMENT_TARGET = 13.0;
				MTL_ENABLE_DEBUG_INFO = INCLUDE_SOURCE;
				MTL_FAST_MATH = YES;
				ONLY_ACTIVE_ARCH = YES;
				SDKROOT = iphoneos;
				SWIFT_ACTIVE_COMPILATION_CONDITIONS = DEBUG;
				SWIFT_OPTIMIZATION_LEVEL = "-Onone";
			};
			name = Debug;
		};
		58EC17BE242CFABE00299CAE /* Release */ = {
			isa = XCBuildConfiguration;
			buildSettings = {
				ALWAYS_SEARCH_USER_PATHS = NO;
				CLANG_ANALYZER_NONNULL = YES;
				CLANG_ANALYZER_NUMBER_OBJECT_CONVERSION = YES_AGGRESSIVE;
				CLANG_CXX_LANGUAGE_STANDARD = "gnu++14";
				CLANG_CXX_LIBRARY = "libc++";
				CLANG_ENABLE_MODULES = YES;
				CLANG_ENABLE_OBJC_ARC = YES;
				CLANG_ENABLE_OBJC_WEAK = YES;
				CLANG_WARN_BLOCK_CAPTURE_AUTORELEASING = YES;
				CLANG_WARN_BOOL_CONVERSION = YES;
				CLANG_WARN_COMMA = YES;
				CLANG_WARN_CONSTANT_CONVERSION = YES;
				CLANG_WARN_DEPRECATED_OBJC_IMPLEMENTATIONS = YES;
				CLANG_WARN_DIRECT_OBJC_ISA_USAGE = YES_ERROR;
				CLANG_WARN_DOCUMENTATION_COMMENTS = YES;
				CLANG_WARN_EMPTY_BODY = YES;
				CLANG_WARN_ENUM_CONVERSION = YES;
				CLANG_WARN_INFINITE_RECURSION = YES;
				CLANG_WARN_INT_CONVERSION = YES;
				CLANG_WARN_NON_LITERAL_NULL_CONVERSION = YES;
				CLANG_WARN_OBJC_IMPLICIT_RETAIN_SELF = YES;
				CLANG_WARN_OBJC_LITERAL_CONVERSION = YES;
				CLANG_WARN_OBJC_ROOT_CLASS = YES_ERROR;
				CLANG_WARN_RANGE_LOOP_ANALYSIS = YES;
				CLANG_WARN_STRICT_PROTOTYPES = YES;
				CLANG_WARN_SUSPICIOUS_MOVE = YES;
				CLANG_WARN_UNGUARDED_AVAILABILITY = YES_AGGRESSIVE;
				CLANG_WARN_UNREACHABLE_CODE = YES;
				CLANG_WARN__DUPLICATE_METHOD_MATCH = YES;
				COPY_PHASE_STRIP = NO;
				DEBUG_INFORMATION_FORMAT = "dwarf-with-dsym";
				ENABLE_NS_ASSERTIONS = NO;
				ENABLE_STRICT_OBJC_MSGSEND = YES;
				GCC_C_LANGUAGE_STANDARD = gnu11;
				GCC_NO_COMMON_BLOCKS = YES;
				GCC_WARN_64_TO_32_BIT_CONVERSION = YES;
				GCC_WARN_ABOUT_RETURN_TYPE = YES_ERROR;
				GCC_WARN_UNDECLARED_SELECTOR = YES;
				GCC_WARN_UNINITIALIZED_AUTOS = YES_AGGRESSIVE;
				GCC_WARN_UNUSED_FUNCTION = YES;
				GCC_WARN_UNUSED_VARIABLE = YES;
				IPHONEOS_DEPLOYMENT_TARGET = 13.0;
				MTL_ENABLE_DEBUG_INFO = NO;
				MTL_FAST_MATH = YES;
				SDKROOT = iphoneos;
				SWIFT_COMPILATION_MODE = wholemodule;
				SWIFT_OPTIMIZATION_LEVEL = "-O";
				VALIDATE_PRODUCT = YES;
			};
			name = Release;
		};
		58EC17C0242CFABE00299CAE /* Debug */ = {
			isa = XCBuildConfiguration;
			buildSettings = {
				CODE_SIGN_STYLE = Automatic;
				DEFINES_MODULE = NO;
				DEVELOPMENT_TEAM = L32PN8QKLZ;
				HEADER_SEARCH_PATHS = "$(SRCROOT)/../ObjCLibB/**";
				OTHER_LDFLAGS = "-ObjC";
				PRODUCT_NAME = "$(TARGET_NAME)";
				SKIP_INSTALL = YES;
				SWIFT_INCLUDE_PATHS = "$(SRCROOT)/../ObjCLibB/** $(SRCROOT)/../SwiftLibB/**";
				SWIFT_VERSION = 5.0;
				TARGETED_DEVICE_FAMILY = "1,2";
			};
			name = Debug;
		};
		58EC17C1242CFABE00299CAE /* Release */ = {
			isa = XCBuildConfiguration;
			buildSettings = {
				CODE_SIGN_STYLE = Automatic;
				DEFINES_MODULE = NO;
				DEVELOPMENT_TEAM = L32PN8QKLZ;
				HEADER_SEARCH_PATHS = "$(SRCROOT)/../ObjCLibB/**";
				OTHER_LDFLAGS = "-ObjC";
				PRODUCT_NAME = "$(TARGET_NAME)";
				SKIP_INSTALL = YES;
				SWIFT_INCLUDE_PATHS = "$(SRCROOT)/../ObjCLibB/** $(SRCROOT)/../SwiftLibB/**";
				SWIFT_VERSION = 5.0;
				TARGETED_DEVICE_FAMILY = "1,2";
			};
			name = Release;
		};
/* End XCBuildConfiguration section */

/* Begin XCConfigurationList section */
		58EC17B3242CFABE00299CAE /* Build configuration list for PBXProject "SwiftLibA" */ = {
			isa = XCConfigurationList;
			buildConfigurations = (
				58EC17BD242CFABE00299CAE /* Debug */,
				58EC17BE242CFABE00299CAE /* Release */,
			);
			defaultConfigurationIsVisible = 0;
			defaultConfigurationName = Release;
		};
		58EC17BF242CFABE00299CAE /* Build configuration list for PBXNativeTarget "SwiftLibA" */ = {
			isa = XCConfigurationList;
			buildConfigurations = (
				58EC17C0242CFABE00299CAE /* Debug */,
				58EC17C1242CFABE00299CAE /* Release */,
			);
			defaultConfigurationIsVisible = 0;
			defaultConfigurationName = Release;
		};
/* End XCConfigurationList section */
	};
	rootObject = 58EC17B0242CFABE00299CAE /* Project object */;
}
